// !$*UTF8*$!
{
	archiveVersion = 1;
	classes = {
	};
	objectVersion = 77;
	objects = {

/* Begin PBXContainerItemProxy section */
		FF9F62762D268F8C00DE7337 /* PBXContainerItemProxy */ = {
			isa = PBXContainerItemProxy;
			containerPortal = FF9F625D2D268F8B00DE7337 /* Project object */;
			proxyType = 1;
			remoteGlobalIDString = FF9F62642D268F8B00DE7337;
			remoteInfo = keepitplayer;
		};
		FF9F62802D268F8C00DE7337 /* PBXContainerItemProxy */ = {
			isa = PBXContainerItemProxy;
			containerPortal = FF9F625D2D268F8B00DE7337 /* Project object */;
			proxyType = 1;
			remoteGlobalIDString = FF9F62642D268F8B00DE7337;
			remoteInfo = keepitplayer;
		};
/* End PBXContainerItemProxy section */

/* Begin PBXFileReference section */
		FF9F62652D268F8B00DE7337 /* keepitplayer.app */ = {isa = PBXFileReference; explicitFileType = wrapper.application; includeInIndex = 0; path = keepitplayer.app; sourceTree = BUILT_PRODUCTS_DIR; };
		FF9F62752D268F8C00DE7337 /* keepitplayerTests.xctest */ = {isa = PBXFileReference; explicitFileType = wrapper.cfbundle; includeInIndex = 0; path = keepitplayerTests.xctest; sourceTree = BUILT_PRODUCTS_DIR; };
		FF9F627F2D268F8C00DE7337 /* keepitplayerUITests.xctest */ = {isa = PBXFileReference; explicitFileType = wrapper.cfbundle; includeInIndex = 0; path = keepitplayerUITests.xctest; sourceTree = BUILT_PRODUCTS_DIR; };
/* End PBXFileReference section */

/* Begin PBXFileSystemSynchronizedRootGroup section */
		FF9F62672D268F8B00DE7337 /* keepitplayer */ = {
			isa = PBXFileSystemSynchronizedRootGroup;
			path = keepitplayer;
			sourceTree = "<group>";
		};
		FF9F62782D268F8C00DE7337 /* keepitplayerTests */ = {
			isa = PBXFileSystemSynchronizedRootGroup;
			path = keepitplayerTests;
			sourceTree = "<group>";
		};
		FF9F62822D268F8C00DE7337 /* keepitplayerUITests */ = {
			isa = PBXFileSystemSynchronizedRootGroup;
			path = keepitplayerUITests;
			sourceTree = "<group>";
		};
/* End PBXFileSystemSynchronizedRootGroup section */

/* Begin PBXFrameworksBuildPhase section */
		FF9F62622D268F8B00DE7337 /* Frameworks */ = {
			isa = PBXFrameworksBuildPhase;
			buildActionMask = 2147483647;
			files = (
			);
			runOnlyForDeploymentPostprocessing = 0;
		};
		FF9F62722D268F8C00DE7337 /* Frameworks */ = {
			isa = PBXFrameworksBuildPhase;
			buildActionMask = 2147483647;
			files = (
			);
			runOnlyForDeploymentPostprocessing = 0;
		};
		FF9F627C2D268F8C00DE7337 /* Frameworks */ = {
			isa = PBXFrameworksBuildPhase;
			buildActionMask = 2147483647;
			files = (
			);
			runOnlyForDeploymentPostprocessing = 0;
		};
/* End PBXFrameworksBuildPhase section */

/* Begin PBXGroup section */
		FF9F625C2D268F8B00DE7337 = {
			isa = PBXGroup;
			children = (
				FF9F62672D268F8B00DE7337 /* keepitplayer */,
				FF9F62782D268F8C00DE7337 /* keepitplayerTests */,
				FF9F62822D268F8C00DE7337 /* keepitplayerUITests */,
				FF9F62662D268F8B00DE7337 /* Products */,
			);
			sourceTree = "<group>";
		};
		FF9F62662D268F8B00DE7337 /* Products */ = {
			isa = PBXGroup;
			children = (
				FF9F62652D268F8B00DE7337 /* keepitplayer.app */,
				FF9F62752D268F8C00DE7337 /* keepitplayerTests.xctest */,
				FF9F627F2D268F8C00DE7337 /* keepitplayerUITests.xctest */,
			);
			name = Products;
			sourceTree = "<group>";
		};
/* End PBXGroup section */

/* Begin PBXNativeTarget section */
		FF9F62642D268F8B00DE7337 /* keepitplayer */ = {
			isa = PBXNativeTarget;
			buildConfigurationList = FF9F62892D268F8C00DE7337 /* Build configuration list for PBXNativeTarget "keepitplayer" */;
			buildPhases = (
				FF9F62612D268F8B00DE7337 /* Sources */,
				FF9F62622D268F8B00DE7337 /* Frameworks */,
				FF9F62632D268F8B00DE7337 /* Resources */,
			);
			buildRules = (
			);
			dependencies = (
			);
			fileSystemSynchronizedGroups = (
				FF9F62672D268F8B00DE7337 /* keepitplayer */,
			);
			name = keepitplayer;
			packageProductDependencies = (
			);
			productName = keepitplayer;
			productReference = FF9F62652D268F8B00DE7337 /* keepitplayer.app */;
			productType = "com.apple.product-type.application";
		};
		FF9F62742D268F8C00DE7337 /* keepitplayerTests */ = {
			isa = PBXNativeTarget;
			buildConfigurationList = FF9F628C2D268F8C00DE7337 /* Build configuration list for PBXNativeTarget "keepitplayerTests" */;
			buildPhases = (
				FF9F62712D268F8C00DE7337 /* Sources */,
				FF9F62722D268F8C00DE7337 /* Frameworks */,
				FF9F62732D268F8C00DE7337 /* Resources */,
			);
			buildRules = (
			);
			dependencies = (
				FF9F62772D268F8C00DE7337 /* PBXTargetDependency */,
			);
			fileSystemSynchronizedGroups = (
				FF9F62782D268F8C00DE7337 /* keepitplayerTests */,
			);
			name = keepitplayerTests;
			packageProductDependencies = (
			);
			productName = keepitplayerTests;
			productReference = FF9F62752D268F8C00DE7337 /* keepitplayerTests.xctest */;
			productType = "com.apple.product-type.bundle.unit-test";
		};
		FF9F627E2D268F8C00DE7337 /* keepitplayerUITests */ = {
			isa = PBXNativeTarget;
			buildConfigurationList = FF9F628F2D268F8C00DE7337 /* Build configuration list for PBXNativeTarget "keepitplayerUITests" */;
			buildPhases = (
				FF9F627B2D268F8C00DE7337 /* Sources */,
				FF9F627C2D268F8C00DE7337 /* Frameworks */,
				FF9F627D2D268F8C00DE7337 /* Resources */,
			);
			buildRules = (
			);
			dependencies = (
				FF9F62812D268F8C00DE7337 /* PBXTargetDependency */,
			);
			fileSystemSynchronizedGroups = (
				FF9F62822D268F8C00DE7337 /* keepitplayerUITests */,
			);
			name = keepitplayerUITests;
			packageProductDependencies = (
			);
			productName = keepitplayerUITests;
			productReference = FF9F627F2D268F8C00DE7337 /* keepitplayerUITests.xctest */;
			productType = "com.apple.product-type.bundle.ui-testing";
		};
/* End PBXNativeTarget section */

/* Begin PBXProject section */
		FF9F625D2D268F8B00DE7337 /* Project object */ = {
			isa = PBXProject;
			attributes = {
				BuildIndependentTargetsInParallel = 1;
				LastSwiftUpdateCheck = 1620;
				LastUpgradeCheck = 1620;
				TargetAttributes = {
					FF9F62642D268F8B00DE7337 = {
						CreatedOnToolsVersion = 16.2;
					};
					FF9F62742D268F8C00DE7337 = {
						CreatedOnToolsVersion = 16.2;
						TestTargetID = FF9F62642D268F8B00DE7337;
					};
					FF9F627E2D268F8C00DE7337 = {
						CreatedOnToolsVersion = 16.2;
						TestTargetID = FF9F62642D268F8B00DE7337;
					};
				};
			};
			buildConfigurationList = FF9F62602D268F8B00DE7337 /* Build configuration list for PBXProject "keepitplayer" */;
			developmentRegion = en;
			hasScannedForEncodings = 0;
			knownRegions = (
				en,
				Base,
			);
			mainGroup = FF9F625C2D268F8B00DE7337;
			minimizedProjectReferenceProxies = 1;
			preferredProjectObjectVersion = 77;
			productRefGroup = FF9F62662D268F8B00DE7337 /* Products */;
			projectDirPath = "";
			projectRoot = "";
			targets = (
				FF9F62642D268F8B00DE7337 /* keepitplayer */,
				FF9F62742D268F8C00DE7337 /* keepitplayerTests */,
				FF9F627E2D268F8C00DE7337 /* keepitplayerUITests */,
			);
		};
/* End PBXProject section */

/* Begin PBXResourcesBuildPhase section */
		FF9F62632D268F8B00DE7337 /* Resources */ = {
			isa = PBXResourcesBuildPhase;
			buildActionMask = 2147483647;
			files = (
			);
			runOnlyForDeploymentPostprocessing = 0;
		};
		FF9F62732D268F8C00DE7337 /* Resources */ = {
			isa = PBXResourcesBuildPhase;
			buildActionMask = 2147483647;
			files = (
			);
			runOnlyForDeploymentPostprocessing = 0;
		};
		FF9F627D2D268F8C00DE7337 /* Resources */ = {
			isa = PBXResourcesBuildPhase;
			buildActionMask = 2147483647;
			files = (
			);
			runOnlyForDeploymentPostprocessing = 0;
		};
/* End PBXResourcesBuildPhase section */

/* Begin PBXSourcesBuildPhase section */
		FF9F62612D268F8B00DE7337 /* Sources */ = {
			isa = PBXSourcesBuildPhase;
			buildActionMask = 2147483647;
			files = (
			);
			runOnlyForDeploymentPostprocessing = 0;
		};
		FF9F62712D268F8C00DE7337 /* Sources */ = {
			isa = PBXSourcesBuildPhase;
			buildActionMask = 2147483647;
			files = (
			);
			runOnlyForDeploymentPostprocessing = 0;
		};
		FF9F627B2D268F8C00DE7337 /* Sources */ = {
			isa = PBXSourcesBuildPhase;
			buildActionMask = 2147483647;
			files = (
			);
			runOnlyForDeploymentPostprocessing = 0;
		};
/* End PBXSourcesBuildPhase section */

/* Begin PBXTargetDependency section */
		FF9F62772D268F8C00DE7337 /* PBXTargetDependency */ = {
			isa = PBXTargetDependency;
			target = FF9F62642D268F8B00DE7337 /* keepitplayer */;
			targetProxy = FF9F62762D268F8C00DE7337 /* PBXContainerItemProxy */;
		};
		FF9F62812D268F8C00DE7337 /* PBXTargetDependency */ = {
			isa = PBXTargetDependency;
			target = FF9F62642D268F8B00DE7337 /* keepitplayer */;
			targetProxy = FF9F62802D268F8C00DE7337 /* PBXContainerItemProxy */;
		};
/* End PBXTargetDependency section */

/* Begin XCBuildConfiguration section */
		FF9F62872D268F8C00DE7337 /* Debug */ = {
			isa = XCBuildConfiguration;
			buildSettings = {
				ALWAYS_SEARCH_USER_PATHS = NO;
				ASSETCATALOG_COMPILER_GENERATE_SWIFT_ASSET_SYMBOL_EXTENSIONS = YES;
				CLANG_ANALYZER_NONNULL = YES;
				CLANG_ANALYZER_NUMBER_OBJECT_CONVERSION = YES_AGGRESSIVE;
				CLANG_CXX_LANGUAGE_STANDARD = "gnu++20";
				CLANG_ENABLE_MODULES = YES;
				CLANG_ENABLE_OBJC_ARC = YES;
				CLANG_ENABLE_OBJC_WEAK = YES;
				CLANG_WARN_BLOCK_CAPTURE_AUTORELEASING = YES;
				CLANG_WARN_BOOL_CONVERSION = YES;
				CLANG_WARN_COMMA = YES;
				CLANG_WARN_CONSTANT_CONVERSION = YES;
				CLANG_WARN_DEPRECATED_OBJC_IMPLEMENTATIONS = YES;
				CLANG_WARN_DIRECT_OBJC_ISA_USAGE = YES_ERROR;
				CLANG_WARN_DOCUMENTATION_COMMENTS = YES;
				CLANG_WARN_EMPTY_BODY = YES;
				CLANG_WARN_ENUM_CONVERSION = YES;
				CLANG_WARN_INFINITE_RECURSION = YES;
				CLANG_WARN_INT_CONVERSION = YES;
				CLANG_WARN_NON_LITERAL_NULL_CONVERSION = YES;
				CLANG_WARN_OBJC_IMPLICIT_RETAIN_SELF = YES;
				CLANG_WARN_OBJC_LITERAL_CONVERSION = YES;
				CLANG_WARN_OBJC_ROOT_CLASS = YES_ERROR;
				CLANG_WARN_QUOTED_INCLUDE_IN_FRAMEWORK_HEADER = YES;
				CLANG_WARN_RANGE_LOOP_ANALYSIS = YES;
				CLANG_WARN_STRICT_PROTOTYPES = YES;
				CLANG_WARN_SUSPICIOUS_MOVE = YES;
				CLANG_WARN_UNGUARDED_AVAILABILITY = YES_AGGRESSIVE;
				CLANG_WARN_UNREACHABLE_CODE = YES;
				CLANG_WARN__DUPLICATE_METHOD_MATCH = YES;
				COPY_PHASE_STRIP = NO;
				DEBUG_INFORMATION_FORMAT = dwarf;
				ENABLE_STRICT_OBJC_MSGSEND = YES;
				ENABLE_TESTABILITY = YES;
				ENABLE_USER_SCRIPT_SANDBOXING = YES;
				GCC_C_LANGUAGE_STANDARD = gnu17;
				GCC_DYNAMIC_NO_PIC = NO;
				GCC_NO_COMMON_BLOCKS = YES;
				GCC_OPTIMIZATION_LEVEL = 0;
				GCC_PREPROCESSOR_DEFINITIONS = (
					"DEBUG=1",
					"$(inherited)",
				);
				GCC_WARN_64_TO_32_BIT_CONVERSION = YES;
				GCC_WARN_ABOUT_RETURN_TYPE = YES_ERROR;
				GCC_WARN_UNDECLARED_SELECTOR = YES;
				GCC_WARN_UNINITIALIZED_AUTOS = YES_AGGRESSIVE;
				GCC_WARN_UNUSED_FUNCTION = YES;
				GCC_WARN_UNUSED_VARIABLE = YES;
				IPHONEOS_DEPLOYMENT_TARGET = 18.2;
				LOCALIZATION_PREFERS_STRING_CATALOGS = YES;
				MTL_ENABLE_DEBUG_INFO = INCLUDE_SOURCE;
				MTL_FAST_MATH = YES;
				ONLY_ACTIVE_ARCH = YES;
				SDKROOT = iphoneos;
				SWIFT_ACTIVE_COMPILATION_CONDITIONS = "DEBUG $(inherited)";
				SWIFT_OPTIMIZATION_LEVEL = "-Onone";
			};
			name = Debug;
		};
		FF9F62882D268F8C00DE7337 /* Release */ = {
			isa = XCBuildConfiguration;
			buildSettings = {
				ALWAYS_SEARCH_USER_PATHS = NO;
				ASSETCATALOG_COMPILER_GENERATE_SWIFT_ASSET_SYMBOL_EXTENSIONS = YES;
				CLANG_ANALYZER_NONNULL = YES;
				CLANG_ANALYZER_NUMBER_OBJECT_CONVERSION = YES_AGGRESSIVE;
				CLANG_CXX_LANGUAGE_STANDARD = "gnu++20";
				CLANG_ENABLE_MODULES = YES;
				CLANG_ENABLE_OBJC_ARC = YES;
				CLANG_ENABLE_OBJC_WEAK = YES;
				CLANG_WARN_BLOCK_CAPTURE_AUTORELEASING = YES;
				CLANG_WARN_BOOL_CONVERSION = YES;
				CLANG_WARN_COMMA = YES;
				CLANG_WARN_CONSTANT_CONVERSION = YES;
				CLANG_WARN_DEPRECATED_OBJC_IMPLEMENTATIONS = YES;
				CLANG_WARN_DIRECT_OBJC_ISA_USAGE = YES_ERROR;
				CLANG_WARN_DOCUMENTATION_COMMENTS = YES;
				CLANG_WARN_EMPTY_BODY = YES;
				CLANG_WARN_ENUM_CONVERSION = YES;
				CLANG_WARN_INFINITE_RECURSION = YES;
				CLANG_WARN_INT_CONVERSION = YES;
				CLANG_WARN_NON_LITERAL_NULL_CONVERSION = YES;
				CLANG_WARN_OBJC_IMPLICIT_RETAIN_SELF = YES;
				CLANG_WARN_OBJC_LITERAL_CONVERSION = YES;
				CLANG_WARN_OBJC_ROOT_CLASS = YES_ERROR;
				CLANG_WARN_QUOTED_INCLUDE_IN_FRAMEWORK_HEADER = YES;
				CLANG_WARN_RANGE_LOOP_ANALYSIS = YES;
				CLANG_WARN_STRICT_PROTOTYPES = YES;
				CLANG_WARN_SUSPICIOUS_MOVE = YES;
				CLANG_WARN_UNGUARDED_AVAILABILITY = YES_AGGRESSIVE;
				CLANG_WARN_UNREACHABLE_CODE = YES;
				CLANG_WARN__DUPLICATE_METHOD_MATCH = YES;
				COPY_PHASE_STRIP = NO;
				DEBUG_INFORMATION_FORMAT = "dwarf-with-dsym";
				ENABLE_NS_ASSERTIONS = NO;
				ENABLE_STRICT_OBJC_MSGSEND = YES;
				ENABLE_USER_SCRIPT_SANDBOXING = YES;
				GCC_C_LANGUAGE_STANDARD = gnu17;
				GCC_NO_COMMON_BLOCKS = YES;
				GCC_WARN_64_TO_32_BIT_CONVERSION = YES;
				GCC_WARN_ABOUT_RETURN_TYPE = YES_ERROR;
				GCC_WARN_UNDECLARED_SELECTOR = YES;
				GCC_WARN_UNINITIALIZED_AUTOS = YES_AGGRESSIVE;
				GCC_WARN_UNUSED_FUNCTION = YES;
				GCC_WARN_UNUSED_VARIABLE = YES;
				IPHONEOS_DEPLOYMENT_TARGET = 18.2;
				LOCALIZATION_PREFERS_STRING_CATALOGS = YES;
				MTL_ENABLE_DEBUG_INFO = NO;
				MTL_FAST_MATH = YES;
				SDKROOT = iphoneos;
				SWIFT_COMPILATION_MODE = wholemodule;
				VALIDATE_PRODUCT = YES;
			};
			name = Release;
		};
		FF9F628A2D268F8C00DE7337 /* Debug */ = {
			isa = XCBuildConfiguration;
			buildSettings = {
				ASSETCATALOG_COMPILER_APPICON_NAME = AppIcon;
				ASSETCATALOG_COMPILER_GLOBAL_ACCENT_COLOR_NAME = AccentColor;
				CODE_SIGN_STYLE = Automatic;
				CURRENT_PROJECT_VERSION = 1;
				DEVELOPMENT_ASSET_PATHS = "\"keepitplayer/Preview Content\"";
				DEVELOPMENT_TEAM = WA5876258D;
				ENABLE_PREVIEWS = YES;
				GENERATE_INFOPLIST_FILE = YES;
				INFOPLIST_KEY_UIApplicationSceneManifest_Generation = YES;
				INFOPLIST_KEY_UIApplicationSupportsIndirectInputEvents = YES;
				INFOPLIST_KEY_UILaunchScreen_Generation = YES;
				INFOPLIST_KEY_UISupportedInterfaceOrientations_iPad = "UIInterfaceOrientationPortrait UIInterfaceOrientationPortraitUpsideDown UIInterfaceOrientationLandscapeLeft UIInterfaceOrientationLandscapeRight";
				INFOPLIST_KEY_UISupportedInterfaceOrientations_iPhone = "UIInterfaceOrientationPortrait UIInterfaceOrientationLandscapeLeft UIInterfaceOrientationLandscapeRight";
				LD_RUNPATH_SEARCH_PATHS = (
					"$(inherited)",
					"@executable_path/Frameworks",
				);
				MARKETING_VERSION = 1.0;
				PRODUCT_BUNDLE_IDENTIFIER = abr.keepitplayer;
				PRODUCT_NAME = "$(TARGET_NAME)";
				SWIFT_EMIT_LOC_STRINGS = YES;
				SWIFT_VERSION = 5.0;
				TARGETED_DEVICE_FAMILY = "1,2";
			};
			name = Debug;
		};
		FF9F628B2D268F8C00DE7337 /* Release */ = {
			isa = XCBuildConfiguration;
			buildSettings = {
				ASSETCATALOG_COMPILER_APPICON_NAME = AppIcon;
				ASSETCATALOG_COMPILER_GLOBAL_ACCENT_COLOR_NAME = AccentColor;
				CODE_SIGN_STYLE = Automatic;
				CURRENT_PROJECT_VERSION = 1;
				DEVELOPMENT_ASSET_PATHS = "\"keepitplayer/Preview Content\"";
				DEVELOPMENT_TEAM = WA5876258D;
				ENABLE_PREVIEWS = YES;
				GENERATE_INFOPLIST_FILE = YES;
				INFOPLIST_KEY_UIApplicationSceneManifest_Generation = YES;
				INFOPLIST_KEY_UIApplicationSupportsIndirectInputEvents = YES;
				INFOPLIST_KEY_UILaunchScreen_Generation = YES;
				INFOPLIST_KEY_UISupportedInterfaceOrientations_iPad = "UIInterfaceOrientationPortrait UIInterfaceOrientationPortraitUpsideDown UIInterfaceOrientationLandscapeLeft UIInterfaceOrientationLandscapeRight";
				INFOPLIST_KEY_UISupportedInterfaceOrientations_iPhone = "UIInterfaceOrientationPortrait UIInterfaceOrientationLandscapeLeft UIInterfaceOrientationLandscapeRight";
				LD_RUNPATH_SEARCH_PATHS = (
					"$(inherited)",
					"@executable_path/Frameworks",
				);
				MARKETING_VERSION = 1.0;
				PRODUCT_BUNDLE_IDENTIFIER = abr.keepitplayer;
				PRODUCT_NAME = "$(TARGET_NAME)";
				SWIFT_EMIT_LOC_STRINGS = YES;
				SWIFT_VERSION = 5.0;
				TARGETED_DEVICE_FAMILY = "1,2";
			};
			name = Release;
		};
		FF9F628D2D268F8C00DE7337 /* Debug */ = {
			isa = XCBuildConfiguration;
			buildSettings = {
				BUNDLE_LOADER = "$(TEST_HOST)";
				CODE_SIGN_STYLE = Automatic;
				CURRENT_PROJECT_VERSION = 1;
				DEVELOPMENT_TEAM = WA5876258D;
				GENERATE_INFOPLIST_FILE = YES;
				IPHONEOS_DEPLOYMENT_TARGET = 18.2;
				MARKETING_VERSION = 1.0;
				PRODUCT_BUNDLE_IDENTIFIER = abr.keepitplayerTests;
				PRODUCT_NAME = "$(TARGET_NAME)";
				SWIFT_EMIT_LOC_STRINGS = NO;
				SWIFT_VERSION = 5.0;
				TARGETED_DEVICE_FAMILY = "1,2";
				TEST_HOST = "$(BUILT_PRODUCTS_DIR)/keepitplayer.app/$(BUNDLE_EXECUTABLE_FOLDER_PATH)/keepitplayer";
			};
			name = Debug;
		};
		FF9F628E2D268F8C00DE7337 /* Release */ = {
			isa = XCBuildConfiguration;
			buildSettings = {
				BUNDLE_LOADER = "$(TEST_HOST)";
				CODE_SIGN_STYLE = Automatic;
				CURRENT_PROJECT_VERSION = 1;
				DEVELOPMENT_TEAM = WA5876258D;
				GENERATE_INFOPLIST_FILE = YES;
				IPHONEOS_DEPLOYMENT_TARGET = 18.2;
				MARKETING_VERSION = 1.0;
				PRODUCT_BUNDLE_IDENTIFIER = abr.keepitplayerTests;
				PRODUCT_NAME = "$(TARGET_NAME)";
				SWIFT_EMIT_LOC_STRINGS = NO;
				SWIFT_VERSION = 5.0;
				TARGETED_DEVICE_FAMILY = "1,2";
				TEST_HOST = "$(BUILT_PRODUCTS_DIR)/keepitplayer.app/$(BUNDLE_EXECUTABLE_FOLDER_PATH)/keepitplayer";
			};
			name = Release;
		};
		FF9F62902D268F8C00DE7337 /* Debug */ = {
			isa = XCBuildConfiguration;
			buildSettings = {
				CODE_SIGN_STYLE = Automatic;
				CURRENT_PROJECT_VERSION = 1;
				DEVELOPMENT_TEAM = WA5876258D;
				GENERATE_INFOPLIST_FILE = YES;
				MARKETING_VERSION = 1.0;
				PRODUCT_BUNDLE_IDENTIFIER = abr.keepitplayerUITests;
				PRODUCT_NAME = "$(TARGET_NAME)";
				SWIFT_EMIT_LOC_STRINGS = NO;
				SWIFT_VERSION = 5.0;
				TARGETED_DEVICE_FAMILY = "1,2";
				TEST_TARGET_NAME = keepitplayer;
			};
			name = Debug;
		};
		FF9F62912D268F8C00DE7337 /* Release */ = {
			isa = XCBuildConfiguration;
			buildSettings = {
				CODE_SIGN_STYLE = Automatic;
				CURRENT_PROJECT_VERSION = 1;
				DEVELOPMENT_TEAM = WA5876258D;
				GENERATE_INFOPLIST_FILE = YES;
				MARKETING_VERSION = 1.0;
				PRODUCT_BUNDLE_IDENTIFIER = abr.keepitplayerUITests;
				PRODUCT_NAME = "$(TARGET_NAME)";
				SWIFT_EMIT_LOC_STRINGS = NO;
				SWIFT_VERSION = 5.0;
				TARGETED_DEVICE_FAMILY = "1,2";
				TEST_TARGET_NAME = keepitplayer;
			};
			name = Release;
		};
/* End XCBuildConfiguration section */

/* Begin XCConfigurationList section */
		FF9F62602D268F8B00DE7337 /* Build configuration list for PBXProject "keepitplayer" */ = {
			isa = XCConfigurationList;
			buildConfigurations = (
				FF9F62872D268F8C00DE7337 /* Debug */,
				FF9F62882D268F8C00DE7337 /* Release */,
			);
			defaultConfigurationIsVisible = 0;
			defaultConfigurationName = Release;
		};
		FF9F62892D268F8C00DE7337 /* Build configuration list for PBXNativeTarget "keepitplayer" */ = {
			isa = XCConfigurationList;
			buildConfigurations = (
				FF9F628A2D268F8C00DE7337 /* Debug */,
				FF9F628B2D268F8C00DE7337 /* Release */,
			);
			defaultConfigurationIsVisible = 0;
			defaultConfigurationName = Release;
		};
		FF9F628C2D268F8C00DE7337 /* Build configuration list for PBXNativeTarget "keepitplayerTests" */ = {
			isa = XCConfigurationList;
			buildConfigurations = (
				FF9F628D2D268F8C00DE7337 /* Debug */,
				FF9F628E2D268F8C00DE7337 /* Release */,
			);
			defaultConfigurationIsVisible = 0;
			defaultConfigurationName = Release;
		};
		FF9F628F2D268F8C00DE7337 /* Build configuration list for PBXNativeTarget "keepitplayerUITests" */ = {
			isa = XCConfigurationList;
			buildConfigurations = (
				FF9F62902D268F8C00DE7337 /* Debug */,
				FF9F62912D268F8C00DE7337 /* Release */,
			);
			defaultConfigurationIsVisible = 0;
			defaultConfigurationName = Release;
		};
/* End XCConfigurationList section */
	};
	rootObject = FF9F625D2D268F8B00DE7337 /* Project object */;
}
